
Microsoft Visual Studio Solution File, Format Version 10.00
# Visual Studio 2008
Project("{8BC9CEB8-8B4A-11D0-8D11-00A0C91BC942}") = "CaseVisualizer", "CaseVisualizer\CaseVisualizer.vcproj", "{91A99414-2864-4939-9C49-2BCEFEE10DA2}"
	GlobalSection(Qt) = preSolution
		Integration = True
	EndGlobalSection
EndProject
Global
	GlobalSection(SolutionConfigurationPlatforms) = preSolution
		Debug|Win32 = Debug|Win32
		Release|Win32 = Release|Win32
	EndGlobalSection
	GlobalSection(ProjectConfigurationPlatforms) = postSolution
		{91A99414-2864-4939-9C49-2BCEFEE10DA2}.Debug|Win32.ActiveCfg = Debug|Win32
		{91A99414-2864-4939-9C49-2BCEFEE10DA2}.Debug|Win32.Build.0 = Debug|Win32
		{91A99414-2864-4939-9C49-2BCEFEE10DA2}.Release|Win32.ActiveCfg = Release|Win32
		{91A99414-2864-4939-9C49-2BCEFEE10DA2}.Release|Win32.Build.0 = Release|Win32
	EndGlobalSection
	GlobalSection(SolutionProperties) = preSolution
		HideSolutionNode = FALSE
	EndGlobalSection
EndGlobal
