<?xml version="1.0" encoding="utf-8"?>
<Project ToolsVersion="4.0" xmlns="http://schemas.microsoft.com/developer/msbuild/2003">
  <ItemGroup>
    <ClCompile Include="ClientMain.cpp" />
    <ClCompile Include="IMDrawingStrategy.cpp" />
    <ClCompile Include="IMView.cpp" />
    <ClCompile Include="IMViewWidget.cpp" />
    <ClCompile Include="main.cpp" />
    <ClCompile Include="GeneratedFiles\moc_ClientMain.cpp">
      <Filter>Generated Files</Filter>
    </ClCompile>
    <ClCompile Include="GeneratedFiles\moc_IMView.cpp">
      <Filter>Generated Files</Filter>
    </ClCompile>
    <ClCompile Include="GeneratedFiles\moc_IMViewWidget.cpp">
      <Filter>Generated Files</Filter>
    </ClCompile>
  </ItemGroup>
  <ItemGroup>
    <ClInclude Include="CmnHdr.h" />
    <ClInclude Include="IMDrawingStrategy.h" />
    <ClInclude Include="GeneratedFiles\ui_ClientMain.h" />
    <ClInclude Include="GeneratedFiles\ui_IMViewWidget.h" />
  </ItemGroup>
  <ItemGroup>
    <CustomBuild Include="ClientMain.h" />
    <CustomBuild Include="IMView.h" />
    <CustomBuild Include="IMViewWidget.h" />
    <CustomBuild Include="ClientMain.ui" />
    <CustomBuild Include="IMViewWidget.ui" />
    <CustomBuild Include="ClientMain.qrc" />
  </ItemGroup>
  <ItemGroup>
    <Filter Include="Generated Files">
      <UniqueIdentifier>{4cef7cb3-90e8-4f47-8c59-c5b3da7b9b2a}</UniqueIdentifier>
    </Filter>
    <Filter Include="Header Files">
      <UniqueIdentifier>{93995380-89BD-4b04-88EB-625FBE52EBFB}</UniqueIdentifier>
      <Extensions>h</Extensions>
      <ParseFiles>true</ParseFiles>
    </Filter>
    <Filter Include="Source Files">
      <UniqueIdentifier>{4FC737F1-C7A5-4376-A066-2A32D752A2FF}</UniqueIdentifier>
      <Extensions>cpp;cxx;c;def</Extensions>
      <ParseFiles>true</ParseFiles>
    </Filter>
  </ItemGroup>
</Project>